<?xml version="1.0" encoding="utf-8"?>
<Project ToolsVersion="4.0" xmlns="http://schemas.microsoft.com/developer/msbuild/2003">
  <ItemGroup>
    <Filter Include="소스 파일">
      <UniqueIdentifier>{4FC737F1-C7A5-4376-A066-2A32D752A2FF}</UniqueIdentifier>
      <Extensions>cpp;c;cc;cxx;def;odl;idl;hpj;bat;asm;asmx</Extensions>
    </Filter>
    <Filter Include="헤더 파일">
      <UniqueIdentifier>{93995380-89BD-4b04-88EB-625FBE52EBFB}</UniqueIdentifier>
      <Extensions>h;hh;hpp;hxx;hm;inl;inc;ipp;xsd</Extensions>
    </Filter>
    <Filter Include="리소스 파일">
      <UniqueIdentifier>{67DA6AB6-F800-4c08-8B7A-83BB121AAD01}</UniqueIdentifier>
      <Extensions>rc;ico;cur;bmp;dlg;rc2;rct;bin;rgs;gif;jpg;jpeg;jpe;resx;tiff;tif;png;wav;mfcribbon-ms</Extensions>
    </Filter>
  </ItemGroup>
  <ItemGroup>
    <ClInclude Include="Main.h">
      <Filter>헤더 파일</Filter>
    </ClInclude>
    <ClInclude Include="MainDlg.h">
      <Filter>헤더 파일</Filter>
    </ClInclude>
    <ClInclude Include="stdafx.h">
      <Filter>헤더 파일</Filter>
    </ClInclude>
    <ClInclude Include="targetver.h">
      <Filter>헤더 파일</Filter>
    </ClInclude>
    <ClInclude Include="Resource.h">
      <Filter>헤더 파일</Filter>
    </ClInclude>
    <ClInclude Include="Database.h">
      <Filter>헤더 파일</Filter>
    </ClInclude>
    <ClInclude Include="SortedList.h">
      <Filter>헤더 파일</Filter>
    </ClInclude>
    <ClInclude Include="SingerType.h">
      <Filter>헤더 파일</Filter>
    </ClInclude>
    <ClInclude Include="SongType.h">
      <Filter>헤더 파일</Filter>
    </ClInclude>
    <ClInclude Include="AlbumType.h">
      <Filter>헤더 파일</Filter>
    </ClInclude>
    <ClInclude Include="TabSinger.h">
      <Filter>헤더 파일</Filter>
    </ClInclude>
    <ClInclude Include="TabSong.h">
      <Filter>헤더 파일</Filter>
    </ClInclude>
    <ClInclude Include="TabAlbum.h">
      <Filter>헤더 파일</Filter>
    </ClInclude>
    <ClInclude Include="MasterDlg.h">
      <Filter>헤더 파일</Filter>
    </ClInclude>
    <ClInclude Include="UnSortedList.h">
      <Filter>헤더 파일</Filter>
    </ClInclude>
    <ClInclude Include="UserType.h">
      <Filter>헤더 파일</Filter>
    </ClInclude>
    <ClInclude Include="DoublyLinkedList.h">
      <Filter>헤더 파일</Filter>
    </ClInclude>
    <ClInclude Include="DoublyIterator.h">
      <Filter>헤더 파일</Filter>
    </ClInclude>
    <ClInclude Include="PlayItemType.h">
      <Filter>헤더 파일</Filter>
    </ClInclude>
    <ClInclude Include="UserDlg.h">
      <Filter>헤더 파일</Filter>
    </ClInclude>
    <ClInclude Include="MasterInfo.h">
      <Filter>헤더 파일</Filter>
    </ClInclude>
    <ClInclude Include="UserInfo.h">
      <Filter>헤더 파일</Filter>
    </ClInclude>
    <ClInclude Include="MasterInfo2.h">
      <Filter>헤더 파일</Filter>
    </ClInclude>
    <ClInclude Include="MasterInfo3.h">
      <Filter>헤더 파일</Filter>
    </ClInclude>
    <ClInclude Include="Mypage.h">
      <Filter>헤더 파일</Filter>
    </ClInclude>
  </ItemGroup>
  <ItemGroup>
    <ClCompile Include="Main.cpp">
      <Filter>소스 파일</Filter>
    </ClCompile>
    <ClCompile Include="MainDlg.cpp">
      <Filter>소스 파일</Filter>
    </ClCompile>
    <ClCompile Include="stdafx.cpp">
      <Filter>소스 파일</Filter>
    </ClCompile>
    <ClCompile Include="Database.cpp">
      <Filter>소스 파일</Filter>
    </ClCompile>
    <ClCompile Include="SingerType.cpp">
      <Filter>소스 파일</Filter>
    </ClCompile>
    <ClCompile Include="SongType.cpp">
      <Filter>소스 파일</Filter>
    </ClCompile>
    <ClCompile Include="AlbumType.cpp">
      <Filter>소스 파일</Filter>
    </ClCompile>
    <ClCompile Include="TabSinger.cpp">
      <Filter>소스 파일</Filter>
    </ClCompile>
    <ClCompile Include="TabSong.cpp">
      <Filter>소스 파일</Filter>
    </ClCompile>
    <ClCompile Include="TabAlbum.cpp">
      <Filter>소스 파일</Filter>
    </ClCompile>
    <ClCompile Include="MasterDlg.cpp">
      <Filter>소스 파일</Filter>
    </ClCompile>
    <ClCompile Include="UserType.cpp">
      <Filter>소스 파일</Filter>
    </ClCompile>
    <ClCompile Include="PlayItemType.cpp">
      <Filter>소스 파일</Filter>
    </ClCompile>
    <ClCompile Include="UserDlg.cpp">
      <Filter>소스 파일</Filter>
    </ClCompile>
    <ClCompile Include="MasterInfo.cpp">
      <Filter>소스 파일</Filter>
    </ClCompile>
    <ClCompile Include="UserInfo.cpp">
      <Filter>소스 파일</Filter>
    </ClCompile>
    <ClCompile Include="MasterInfo2.cpp">
      <Filter>소스 파일</Filter>
    </ClCompile>
    <ClCompile Include="MasterInfo3.cpp">
      <Filter>소스 파일</Filter>
    </ClCompile>
    <ClCompile Include="Mypage.cpp">
      <Filter>소스 파일</Filter>
    </ClCompile>
  </ItemGroup>
  <ItemGroup>
    <ResourceCompile Include="Main.rc">
      <Filter>리소스 파일</Filter>
    </ResourceCompile>
  </ItemGroup>
  <ItemGroup>
    <None Include="res\Main.rc2">
      <Filter>리소스 파일</Filter>
    </None>
  </ItemGroup>
  <ItemGroup>
    <Image Include="res\Main.ico">
      <Filter>리소스 파일</Filter>
    </Image>
  </ItemGroup>
</Project>